{
    "name": "pagecrypt",
    "version": "6.1.1",
    "lockfileVersion": 3,
    "requires": true,
    "packages": {
        "": {
            "name": "pagecrypt",
            "version": "6.1.1",
            "license": "AGPL-3.0",
            "dependencies": {
                "rfc4648": "^1.5.2",
                "sade": "^1.8.1"
            },
            "bin": {
                "pagecrypt": "src/cli.ts"
            },
            "devDependencies": {
                "@types/fs-extra": "^11.0.1",
                "@types/node": "^20.4.2",
                "esbuild": "^0.18.13",
                "fs-extra": "^11.1.1",
                "typescript": "^5.1.6",
                "vite": "^4.4.4",
                "vite-plugin-singlefile": "^0.13.5"
            },
            "engines": {
                "node": ">= 16.0.0"
            }
        },
        "node_modules/@esbuild/android-arm": {
            "version": "0.18.13",
            "resolved": "https://registry.npmjs.org/@esbuild/android-arm/-/android-arm-0.18.13.tgz",
            "integrity": "sha512-KwqFhxRFMKZINHzCqf8eKxE0XqWlAVPRxwy6rc7CbVFxzUWB2sA/s3hbMZeemPdhN3fKBkqOaFhTbS8xJXYIWQ==",
            "cpu": [
                "arm"
            ],
            "dev": true,
            "optional": true,
            "os": [
                "android"
            ],
            "engines": {
                "node": ">=12"
            }
        },
        "node_modules/@esbuild/android-arm64": {
            "version": "0.18.13",
            "resolved": "https://registry.npmjs.org/@esbuild/android-arm64/-/android-arm64-0.18.13.tgz",
            "integrity": "sha512-j7NhycJUoUAG5kAzGf4fPWfd17N6SM3o1X6MlXVqfHvs2buFraCJzos9vbeWjLxOyBKHyPOnuCuipbhvbYtTAg==",
            "cpu": [
                "arm64"
            ],
            "dev": true,
            "optional": true,
            "os": [
                "android"
            ],
            "engines": {
                "node": ">=12"
            }
        },
        "node_modules/@esbuild/android-x64": {
            "version": "0.18.13",
            "resolved": "https://registry.npmjs.org/@esbuild/android-x64/-/android-x64-0.18.13.tgz",
            "integrity": "sha512-M2eZkRxR6WnWfVELHmv6MUoHbOqnzoTVSIxgtsyhm/NsgmL+uTmag/VVzdXvmahak1I6sOb1K/2movco5ikDJg==",
            "cpu": [
                "x64"
            ],
            "dev": true,
            "optional": true,
            "os": [
                "android"
            ],
            "engines": {
                "node": ">=12"
            }
        },
        "node_modules/@esbuild/darwin-arm64": {
            "version": "0.18.13",
            "resolved": "https://registry.npmjs.org/@esbuild/darwin-arm64/-/darwin-arm64-0.18.13.tgz",
            "integrity": "sha512-f5goG30YgR1GU+fxtaBRdSW3SBG9pZW834Mmhxa6terzcboz7P2R0k4lDxlkP7NYRIIdBbWp+VgwQbmMH4yV7w==",
            "cpu": [
                "arm64"
            ],
            "dev": true,
            "optional": true,
            "os": [
                "darwin"
            ],
            "engines": {
                "node": ">=12"
            }
        },
        "node_modules/@esbuild/darwin-x64": {
            "version": "0.18.13",
            "resolved": "https://registry.npmjs.org/@esbuild/darwin-x64/-/darwin-x64-0.18.13.tgz",
            "integrity": "sha512-RIrxoKH5Eo+yE5BtaAIMZaiKutPhZjw+j0OCh8WdvKEKJQteacq0myZvBDLU+hOzQOZWJeDnuQ2xgSScKf1Ovw==",
            "cpu": [
                "x64"
            ],
            "dev": true,
            "optional": true,
            "os": [
                "darwin"
            ],
            "engines": {
                "node": ">=12"
            }
        },
        "node_modules/@esbuild/freebsd-arm64": {
            "version": "0.18.13",
            "resolved": "https://registry.npmjs.org/@esbuild/freebsd-arm64/-/freebsd-arm64-0.18.13.tgz",
            "integrity": "sha512-AfRPhHWmj9jGyLgW/2FkYERKmYR+IjYxf2rtSLmhOrPGFh0KCETFzSjx/JX/HJnvIqHt/DRQD/KAaVsUKoI3Xg==",
            "cpu": [
                "arm64"
            ],
            "dev": true,
            "optional": true,
            "os": [
                "freebsd"
            ],
            "engines": {
                "node": ">=12"
            }
        },
        "node_modules/@esbuild/freebsd-x64": {
            "version": "0.18.13",
            "resolved": "https://registry.npmjs.org/@esbuild/freebsd-x64/-/freebsd-x64-0.18.13.tgz",
            "integrity": "sha512-pGzWWZJBInhIgdEwzn8VHUBang8UvFKsvjDkeJ2oyY5gZtAM6BaxK0QLCuZY+qoj/nx/lIaItH425rm/hloETA==",
            "cpu": [
                "x64"
            ],
            "dev": true,
            "optional": true,
            "os": [
                "freebsd"
            ],
            "engines": {
                "node": ">=12"
            }
        },
        "node_modules/@esbuild/linux-arm": {
            "version": "0.18.13",
            "resolved": "https://registry.npmjs.org/@esbuild/linux-arm/-/linux-arm-0.18.13.tgz",
            "integrity": "sha512-4iMxLRMCxGyk7lEvkkvrxw4aJeC93YIIrfbBlUJ062kilUUnAiMb81eEkVvCVoh3ON283ans7+OQkuy1uHW+Hw==",
            "cpu": [
                "arm"
            ],
            "dev": true,
            "optional": true,
            "os": [
                "linux"
            ],
            "engines": {
                "node": ">=12"
            }
        },
        "node_modules/@esbuild/linux-arm64": {
            "version": "0.18.13",
            "resolved": "https://registry.npmjs.org/@esbuild/linux-arm64/-/linux-arm64-0.18.13.tgz",
            "integrity": "sha512-hCzZbVJEHV7QM77fHPv2qgBcWxgglGFGCxk6KfQx6PsVIdi1u09X7IvgE9QKqm38OpkzaAkPnnPqwRsltvLkIQ==",
            "cpu": [
                "arm64"
            ],
            "dev": true,
            "optional": true,
            "os": [
                "linux"
            ],
            "engines": {
                "node": ">=12"
            }
        },
        "node_modules/@esbuild/linux-ia32": {
            "version": "0.18.13",
            "resolved": "https://registry.npmjs.org/@esbuild/linux-ia32/-/linux-ia32-0.18.13.tgz",
            "integrity": "sha512-I3OKGbynl3AAIO6onXNrup/ttToE6Rv2XYfFgLK/wnr2J+1g+7k4asLrE+n7VMhaqX+BUnyWkCu27rl+62Adug==",
            "cpu": [
                "ia32"
            ],
            "dev": true,
            "optional": true,
            "os": [
                "linux"
            ],
            "engines": {
                "node": ">=12"
            }
        },
        "node_modules/@esbuild/linux-loong64": {
            "version": "0.18.13",
            "resolved": "https://registry.npmjs.org/@esbuild/linux-loong64/-/linux-loong64-0.18.13.tgz",
            "integrity": "sha512-8pcKDApAsKc6WW51ZEVidSGwGbebYw2qKnO1VyD8xd6JN0RN6EUXfhXmDk9Vc4/U3Y4AoFTexQewQDJGsBXBpg==",
            "cpu": [
                "loong64"
            ],
            "dev": true,
            "optional": true,
            "os": [
                "linux"
            ],
            "engines": {
                "node": ">=12"
            }
        },
        "node_modules/@esbuild/linux-mips64el": {
            "version": "0.18.13",
            "resolved": "https://registry.npmjs.org/@esbuild/linux-mips64el/-/linux-mips64el-0.18.13.tgz",
            "integrity": "sha512-6GU+J1PLiVqWx8yoCK4Z0GnfKyCGIH5L2KQipxOtbNPBs+qNDcMJr9euxnyJ6FkRPyMwaSkjejzPSISD9hb+gg==",
            "cpu": [
                "mips64el"
            ],
            "dev": true,
            "optional": true,
            "os": [
                "linux"
            ],
            "engines": {
                "node": ">=12"
            }
        },
        "node_modules/@esbuild/linux-ppc64": {
            "version": "0.18.13",
            "resolved": "https://registry.npmjs.org/@esbuild/linux-ppc64/-/linux-ppc64-0.18.13.tgz",
            "integrity": "sha512-pfn/OGZ8tyR8YCV7MlLl5hAit2cmS+j/ZZg9DdH0uxdCoJpV7+5DbuXrR+es4ayRVKIcfS9TTMCs60vqQDmh+w==",
            "cpu": [
                "ppc64"
            ],
            "dev": true,
            "optional": true,
            "os": [
                "linux"
            ],
            "engines": {
                "node": ">=12"
            }
        },
        "node_modules/@esbuild/linux-riscv64": {
            "version": "0.18.13",
            "resolved": "https://registry.npmjs.org/@esbuild/linux-riscv64/-/linux-riscv64-0.18.13.tgz",
            "integrity": "sha512-aIbhU3LPg0lOSCfVeGHbmGYIqOtW6+yzO+Nfv57YblEK01oj0mFMtvDJlOaeAZ6z0FZ9D13oahi5aIl9JFphGg==",
            "cpu": [
                "riscv64"
            ],
            "dev": true,
            "optional": true,
            "os": [
                "linux"
            ],
            "engines": {
                "node": ">=12"
            }
        },
        "node_modules/@esbuild/linux-s390x": {
            "version": "0.18.13",
            "resolved": "https://registry.npmjs.org/@esbuild/linux-s390x/-/linux-s390x-0.18.13.tgz",
            "integrity": "sha512-Pct1QwF2sp+5LVi4Iu5Y+6JsGaV2Z2vm4O9Dd7XZ5tKYxEHjFtb140fiMcl5HM1iuv6xXO8O1Vrb1iJxHlv8UA==",
            "cpu": [
                "s390x"
            ],
            "dev": true,
            "optional": true,
            "os": [
                "linux"
            ],
            "engines": {
                "node": ">=12"
            }
        },
        "node_modules/@esbuild/linux-x64": {
            "version": "0.18.13",
            "resolved": "https://registry.npmjs.org/@esbuild/linux-x64/-/linux-x64-0.18.13.tgz",
            "integrity": "sha512-zTrIP0KzYP7O0+3ZnmzvUKgGtUvf4+piY8PIO3V8/GfmVd3ZyHJGz7Ht0np3P1wz+I8qJ4rjwJKqqEAbIEPngA==",
            "cpu": [
                "x64"
            ],
            "dev": true,
            "optional": true,
            "os": [
                "linux"
            ],
            "engines": {
                "node": ">=12"
            }
        },
        "node_modules/@esbuild/netbsd-x64": {
            "version": "0.18.13",
            "resolved": "https://registry.npmjs.org/@esbuild/netbsd-x64/-/netbsd-x64-0.18.13.tgz",
            "integrity": "sha512-I6zs10TZeaHDYoGxENuksxE1sxqZpCp+agYeW039yqFwh3MgVvdmXL5NMveImOC6AtpLvE4xG5ujVic4NWFIDQ==",
            "cpu": [
                "x64"
            ],
            "dev": true,
            "optional": true,
            "os": [
                "netbsd"
            ],
            "engines": {
                "node": ">=12"
            }
        },
        "node_modules/@esbuild/openbsd-x64": {
            "version": "0.18.13",
            "resolved": "https://registry.npmjs.org/@esbuild/openbsd-x64/-/openbsd-x64-0.18.13.tgz",
            "integrity": "sha512-W5C5nczhrt1y1xPG5bV+0M12p2vetOGlvs43LH8SopQ3z2AseIROu09VgRqydx5qFN7y9qCbpgHLx0kb0TcW7g==",
            "cpu": [
                "x64"
            ],
            "dev": true,
            "optional": true,
            "os": [
                "openbsd"
            ],
            "engines": {
                "node": ">=12"
            }
        },
        "node_modules/@esbuild/sunos-x64": {
            "version": "0.18.13",
            "resolved": "https://registry.npmjs.org/@esbuild/sunos-x64/-/sunos-x64-0.18.13.tgz",
            "integrity": "sha512-X/xzuw4Hzpo/yq3YsfBbIsipNgmsm8mE/QeWbdGdTTeZ77fjxI2K0KP3AlhZ6gU3zKTw1bKoZTuKLnqcJ537qw==",
            "cpu": [
                "x64"
            ],
            "dev": true,
            "optional": true,
            "os": [
                "sunos"
            ],
            "engines": {
                "node": ">=12"
            }
        },
        "node_modules/@esbuild/win32-arm64": {
            "version": "0.18.13",
            "resolved": "https://registry.npmjs.org/@esbuild/win32-arm64/-/win32-arm64-0.18.13.tgz",
            "integrity": "sha512-4CGYdRQT/ILd+yLLE5i4VApMPfGE0RPc/wFQhlluDQCK09+b4JDbxzzjpgQqTPrdnP7r5KUtGVGZYclYiPuHrw==",
            "cpu": [
                "arm64"
            ],
            "dev": true,
            "optional": true,
            "os": [
                "win32"
            ],
            "engines": {
                "node": ">=12"
            }
        },
        "node_modules/@esbuild/win32-ia32": {
            "version": "0.18.13",
            "resolved": "https://registry.npmjs.org/@esbuild/win32-ia32/-/win32-ia32-0.18.13.tgz",
            "integrity": "sha512-D+wKZaRhQI+MUGMH+DbEr4owC2D7XnF+uyGiZk38QbgzLcofFqIOwFs7ELmIeU45CQgfHNy9Q+LKW3cE8g37Kg==",
            "cpu": [
                "ia32"
            ],
            "dev": true,
            "optional": true,
            "os": [
                "win32"
            ],
            "engines": {
                "node": ">=12"
            }
        },
        "node_modules/@esbuild/win32-x64": {
            "version": "0.18.13",
            "resolved": "https://registry.npmjs.org/@esbuild/win32-x64/-/win32-x64-0.18.13.tgz",
            "integrity": "sha512-iVl6lehAfJS+VmpF3exKpNQ8b0eucf5VWfzR8S7xFve64NBNz2jPUgx1X93/kfnkfgP737O+i1k54SVQS7uVZA==",
            "cpu": [
                "x64"
            ],
            "dev": true,
            "optional": true,
            "os": [
                "win32"
            ],
            "engines": {
                "node": ">=12"
            }
        },
        "node_modules/@types/fs-extra": {
            "version": "11.0.1",
            "resolved": "https://registry.npmjs.org/@types/fs-extra/-/fs-extra-11.0.1.tgz",
            "integrity": "sha512-MxObHvNl4A69ofaTRU8DFqvgzzv8s9yRtaPPm5gud9HDNvpB3GPQFvNuTWAI59B9huVGV5jXYJwbCsmBsOGYWA==",
            "dev": true,
            "dependencies": {
                "@types/jsonfile": "*",
                "@types/node": "*"
            }
        },
        "node_modules/@types/jsonfile": {
            "version": "6.1.1",
            "resolved": "https://registry.npmjs.org/@types/jsonfile/-/jsonfile-6.1.1.tgz",
            "integrity": "sha512-GSgiRCVeapDN+3pqA35IkQwasaCh/0YFH5dEF6S88iDvEn901DjOeH3/QPY+XYP1DFzDZPvIvfeEgk+7br5png==",
            "dev": true,
            "dependencies": {
                "@types/node": "*"
            }
        },
        "node_modules/@types/node": {
            "version": "20.4.2",
            "resolved": "https://registry.npmjs.org/@types/node/-/node-20.4.2.tgz",
            "integrity": "sha512-Dd0BYtWgnWJKwO1jkmTrzofjK2QXXcai0dmtzvIBhcA+RsG5h8R3xlyta0kGOZRNfL9GuRtb1knmPEhQrePCEw==",
            "dev": true
        },
        "node_modules/braces": {
            "version": "3.0.2",
            "resolved": "https://registry.npmjs.org/braces/-/braces-3.0.2.tgz",
            "integrity": "sha512-b8um+L1RzM3WDSzvhm6gIz1yfTbBt6YTlcEKAvsmqCZZFw46z626lVj9j1yEPW33H5H+lBQpZMP1k8l+78Ha0A==",
            "dev": true,
            "dependencies": {
                "fill-range": "^7.0.1"
            },
            "engines": {
                "node": ">=8"
            }
        },
        "node_modules/esbuild": {
            "version": "0.18.13",
            "resolved": "https://registry.npmjs.org/esbuild/-/esbuild-0.18.13.tgz",
            "integrity": "sha512-vhg/WR/Oiu4oUIkVhmfcc23G6/zWuEQKFS+yiosSHe4aN6+DQRXIfeloYGibIfVhkr4wyfuVsGNLr+sQU1rWWw==",
            "dev": true,
            "hasInstallScript": true,
            "bin": {
                "esbuild": "bin/esbuild"
            },
            "engines": {
                "node": ">=12"
            },
            "optionalDependencies": {
                "@esbuild/android-arm": "0.18.13",
                "@esbuild/android-arm64": "0.18.13",
                "@esbuild/android-x64": "0.18.13",
                "@esbuild/darwin-arm64": "0.18.13",
                "@esbuild/darwin-x64": "0.18.13",
                "@esbuild/freebsd-arm64": "0.18.13",
                "@esbuild/freebsd-x64": "0.18.13",
                "@esbuild/linux-arm": "0.18.13",
                "@esbuild/linux-arm64": "0.18.13",
                "@esbuild/linux-ia32": "0.18.13",
                "@esbuild/linux-loong64": "0.18.13",
                "@esbuild/linux-mips64el": "0.18.13",
                "@esbuild/linux-ppc64": "0.18.13",
                "@esbuild/linux-riscv64": "0.18.13",
                "@esbuild/linux-s390x": "0.18.13",
                "@esbuild/linux-x64": "0.18.13",
                "@esbuild/netbsd-x64": "0.18.13",
                "@esbuild/openbsd-x64": "0.18.13",
                "@esbuild/sunos-x64": "0.18.13",
                "@esbuild/win32-arm64": "0.18.13",
                "@esbuild/win32-ia32": "0.18.13",
                "@esbuild/win32-x64": "0.18.13"
            }
        },
        "node_modules/fill-range": {
            "version": "7.0.1",
            "resolved": "https://registry.npmjs.org/fill-range/-/fill-range-7.0.1.tgz",
            "integrity": "sha512-qOo9F+dMUmC2Lcb4BbVvnKJxTPjCm+RRpe4gDuGrzkL7mEVl/djYSu2OdQ2Pa302N4oqkSg9ir6jaLWJ2USVpQ==",
            "dev": true,
            "dependencies": {
                "to-regex-range": "^5.0.1"
            },
            "engines": {
                "node": ">=8"
            }
        },
        "node_modules/fs-extra": {
            "version": "11.1.1",
            "resolved": "https://registry.npmjs.org/fs-extra/-/fs-extra-11.1.1.tgz",
            "integrity": "sha512-MGIE4HOvQCeUCzmlHs0vXpih4ysz4wg9qiSAu6cd42lVwPbTM1TjV7RusoyQqMmk/95gdQZX72u+YW+c3eEpFQ==",
            "dev": true,
            "dependencies": {
                "graceful-fs": "^4.2.0",
                "jsonfile": "^6.0.1",
                "universalify": "^2.0.0"
            },
            "engines": {
                "node": ">=14.14"
            }
        },
        "node_modules/fsevents": {
            "version": "2.3.2",
            "resolved": "https://registry.npmjs.org/fsevents/-/fsevents-2.3.2.tgz",
            "integrity": "sha512-xiqMQR4xAeHTuB9uWm+fFRcIOgKBMiOBP+eXiyT7jsgVCq1bkVygt00oASowB7EdtpOHaaPgKt812P9ab+DDKA==",
            "dev": true,
            "hasInstallScript": true,
            "optional": true,
            "os": [
                "darwin"
            ],
            "engines": {
                "node": "^8.16.0 || ^10.6.0 || >=11.0.0"
            }
        },
        "node_modules/graceful-fs": {
            "version": "4.2.11",
            "resolved": "https://registry.npmjs.org/graceful-fs/-/graceful-fs-4.2.11.tgz",
            "integrity": "sha512-RbJ5/jmFcNNCcDV5o9eTnBLJ/HszWV0P73bc+Ff4nS/rJj+YaS6IGyiOL0VoBYX+l1Wrl3k63h/KrH+nhJ0XvQ==",
            "dev": true
        },
        "node_modules/is-number": {
            "version": "7.0.0",
            "resolved": "https://registry.npmjs.org/is-number/-/is-number-7.0.0.tgz",
            "integrity": "sha512-41Cifkg6e8TylSpdtTpeLVMqvSBEVzTttHvERD741+pnZ8ANv0004MRL43QKPDlK9cGvNp6NZWZUBlbGXYxxng==",
            "dev": true,
            "engines": {
                "node": ">=0.12.0"
            }
        },
        "node_modules/jsonfile": {
            "version": "6.1.0",
            "resolved": "https://registry.npmjs.org/jsonfile/-/jsonfile-6.1.0.tgz",
            "integrity": "sha512-5dgndWOriYSm5cnYaJNhalLNDKOqFwyDB/rr1E9ZsGciGvKPs8R2xYGCacuf3z6K1YKDz182fd+fY3cn3pMqXQ==",
            "dev": true,
            "dependencies": {
                "universalify": "^2.0.0"
            },
            "optionalDependencies": {
                "graceful-fs": "^4.1.6"
            }
        },
        "node_modules/micromatch": {
            "version": "4.0.5",
            "resolved": "https://registry.npmjs.org/micromatch/-/micromatch-4.0.5.tgz",
            "integrity": "sha512-DMy+ERcEW2q8Z2Po+WNXuw3c5YaUSFjAO5GsJqfEl7UjvtIuFKO6ZrKvcItdy98dwFI2N1tg3zNIdKaQT+aNdA==",
            "dev": true,
            "dependencies": {
                "braces": "^3.0.2",
                "picomatch": "^2.3.1"
            },
            "engines": {
                "node": ">=8.6"
            }
        },
        "node_modules/mri": {
            "version": "1.2.0",
            "resolved": "https://registry.npmjs.org/mri/-/mri-1.2.0.tgz",
            "integrity": "sha512-tzzskb3bG8LvYGFF/mDTpq3jpI6Q9wc3LEmBaghu+DdCssd1FakN7Bc0hVNmEyGq1bq3RgfkCb3cmQLpNPOroA==",
            "engines": {
                "node": ">=4"
            }
        },
        "node_modules/nanoid": {
            "version": "3.3.6",
            "resolved": "https://registry.npmjs.org/nanoid/-/nanoid-3.3.6.tgz",
            "integrity": "sha512-BGcqMMJuToF7i1rt+2PWSNVnWIkGCU78jBG3RxO/bZlnZPK2Cmi2QaffxGO/2RvWi9sL+FAiRiXMgsyxQ1DIDA==",
            "dev": true,
            "funding": [
                {
                    "type": "github",
                    "url": "https://github.com/sponsors/ai"
                }
            ],
            "bin": {
                "nanoid": "bin/nanoid.cjs"
            },
            "engines": {
                "node": "^10 || ^12 || ^13.7 || ^14 || >=15.0.1"
            }
        },
        "node_modules/picocolors": {
            "version": "1.0.0",
            "resolved": "https://registry.npmjs.org/picocolors/-/picocolors-1.0.0.tgz",
            "integrity": "sha512-1fygroTLlHu66zi26VoTDv8yRgm0Fccecssto+MhsZ0D/DGW2sm8E8AjW7NU5VVTRt5GxbeZ5qBuJr+HyLYkjQ==",
            "dev": true
        },
        "node_modules/picomatch": {
            "version": "2.3.1",
            "resolved": "https://registry.npmjs.org/picomatch/-/picomatch-2.3.1.tgz",
            "integrity": "sha512-JU3teHTNjmE2VCGFzuY8EXzCDVwEqB2a8fsIvwaStHhAWJEeVd1o1QD80CU6+ZdEXXSLbSsuLwJjkCBWqRQUVA==",
            "dev": true,
            "engines": {
                "node": ">=8.6"
            },
            "funding": {
                "url": "https://github.com/sponsors/jonschlinkert"
            }
        },
        "node_modules/postcss": {
            "version": "8.4.26",
            "resolved": "https://registry.npmjs.org/postcss/-/postcss-8.4.26.tgz",
            "integrity": "sha512-jrXHFF8iTloAenySjM/ob3gSj7pCu0Ji49hnjqzsgSRa50hkWCKD0HQ+gMNJkW38jBI68MpAAg7ZWwHwX8NMMw==",
            "dev": true,
            "funding": [
                {
                    "type": "opencollective",
                    "url": "https://opencollective.com/postcss/"
                },
                {
                    "type": "tidelift",
                    "url": "https://tidelift.com/funding/github/npm/postcss"
                },
                {
                    "type": "github",
                    "url": "https://github.com/sponsors/ai"
                }
            ],
            "dependencies": {
                "nanoid": "^3.3.6",
                "picocolors": "^1.0.0",
                "source-map-js": "^1.0.2"
            },
            "engines": {
                "node": "^10 || ^12 || >=14"
            }
        },
        "node_modules/rfc4648": {
            "version": "1.5.2",
            "resolved": "https://registry.npmjs.org/rfc4648/-/rfc4648-1.5.2.tgz",
            "integrity": "sha512-tLOizhR6YGovrEBLatX1sdcuhoSCXddw3mqNVAcKxGJ+J0hFeJ+SjeWCv5UPA/WU3YzWPPuCVYgXBKZUPGpKtg=="
        },
        "node_modules/rollup": {
            "version": "3.26.2",
            "resolved": "https://registry.npmjs.org/rollup/-/rollup-3.26.2.tgz",
            "integrity": "sha512-6umBIGVz93er97pMgQO08LuH3m6PUb3jlDUUGFsNJB6VgTCUaDFpupf5JfU30529m/UKOgmiX+uY6Sx8cOYpLA==",
            "dev": true,
            "bin": {
                "rollup": "dist/bin/rollup"
            },
            "engines": {
                "node": ">=14.18.0",
                "npm": ">=8.0.0"
            },
            "optionalDependencies": {
                "fsevents": "~2.3.2"
            }
        },
        "node_modules/sade": {
            "version": "1.8.1",
            "resolved": "https://registry.npmjs.org/sade/-/sade-1.8.1.tgz",
            "integrity": "sha512-xal3CZX1Xlo/k4ApwCFrHVACi9fBqJ7V+mwhBsuf/1IOKbBy098Fex+Wa/5QMubw09pSZ/u8EY8PWgevJsXp1A==",
            "dependencies": {
                "mri": "^1.1.0"
            },
            "engines": {
                "node": ">=6"
            }
        },
        "node_modules/source-map-js": {
            "version": "1.0.2",
            "resolved": "https://registry.npmjs.org/source-map-js/-/source-map-js-1.0.2.tgz",
            "integrity": "sha512-R0XvVJ9WusLiqTCEiGCmICCMplcCkIwwR11mOSD9CR5u+IXYdiseeEuXCVAjS54zqwkLcPNnmU4OeJ6tUrWhDw==",
            "dev": true,
            "engines": {
                "node": ">=0.10.0"
            }
        },
        "node_modules/to-regex-range": {
            "version": "5.0.1",
            "resolved": "https://registry.npmjs.org/to-regex-range/-/to-regex-range-5.0.1.tgz",
            "integrity": "sha512-65P7iz6X5yEr1cwcgvQxbbIw7Uk3gOy5dIdtZ4rDveLqhrdJP+Li/Hx6tyK0NEb+2GCyneCMJiGqrADCSNk8sQ==",
            "dev": true,
            "dependencies": {
                "is-number": "^7.0.0"
            },
            "engines": {
                "node": ">=8.0"
            }
        },
        "node_modules/typescript": {
            "version": "5.1.6",
            "resolved": "https://registry.npmjs.org/typescript/-/typescript-5.1.6.tgz",
            "integrity": "sha512-zaWCozRZ6DLEWAWFrVDz1H6FVXzUSfTy5FUMWsQlU8Ym5JP9eO4xkTIROFCQvhQf61z6O/G6ugw3SgAnvvm+HA==",
            "dev": true,
            "bin": {
                "tsc": "bin/tsc",
                "tsserver": "bin/tsserver"
            },
            "engines": {
                "node": ">=14.17"
            }
        },
        "node_modules/universalify": {
            "version": "2.0.0",
            "resolved": "https://registry.npmjs.org/universalify/-/universalify-2.0.0.tgz",
            "integrity": "sha512-hAZsKq7Yy11Zu1DE0OzWjw7nnLZmJZYTDZZyEFHZdUhV8FkH5MCfoU1XMaxXovpyW5nq5scPqq0ZDP9Zyl04oQ==",
            "dev": true,
            "engines": {
                "node": ">= 10.0.0"
            }
        },
        "node_modules/vite": {
            "version": "4.4.4",
            "resolved": "https://registry.npmjs.org/vite/-/vite-4.4.4.tgz",
            "integrity": "sha512-4mvsTxjkveWrKDJI70QmelfVqTm+ihFAb6+xf4sjEU2TmUCTlVX87tmg/QooPEMQb/lM9qGHT99ebqPziEd3wg==",
            "dev": true,
            "dependencies": {
                "esbuild": "^0.18.10",
                "postcss": "^8.4.25",
                "rollup": "^3.25.2"
            },
            "bin": {
                "vite": "bin/vite.js"
            },
            "engines": {
                "node": "^14.18.0 || >=16.0.0"
            },
            "funding": {
                "url": "https://github.com/vitejs/vite?sponsor=1"
            },
            "optionalDependencies": {
                "fsevents": "~2.3.2"
            },
            "peerDependencies": {
                "@types/node": ">= 14",
                "less": "*",
                "lightningcss": "^1.21.0",
                "sass": "*",
                "stylus": "*",
                "sugarss": "*",
                "terser": "^5.4.0"
            },
            "peerDependenciesMeta": {
                "@types/node": {
                    "optional": true
                },
                "less": {
                    "optional": true
                },
                "lightningcss": {
                    "optional": true
                },
                "sass": {
                    "optional": true
                },
                "stylus": {
                    "optional": true
                },
                "sugarss": {
                    "optional": true
                },
                "terser": {
                    "optional": true
                }
            }
        },
        "node_modules/vite-plugin-singlefile": {
            "version": "0.13.5",
            "resolved": "https://registry.npmjs.org/vite-plugin-singlefile/-/vite-plugin-singlefile-0.13.5.tgz",
            "integrity": "sha512-y/aRGh8qHmw2f1IhaI/C6PJAaov47ESYDvUv1am1YHMhpY+19B5k5Odp8P+tgs+zhfvak6QB1ykrALQErEAo7g==",
            "dev": true,
            "dependencies": {
                "micromatch": "^4.0.5"
            },
            "engines": {
                "node": "^14.18.0 || >=16.0.0"
            },
            "peerDependencies": {
                "rollup": ">=2.79.0",
                "vite": ">=3.2.0"
            }
        }
    }
}
