{
    "name": "pagecrypt",
    "version": "5.5.0",
    "lockfileVersion": 2,
    "requires": true,
    "packages": {
        "": {
            "name": "pagecrypt",
            "version": "5.5.0",
            "license": "MIT",
            "dependencies": {
                "rfc4648": "^1.5.2",
                "sade": "^1.8.1"
            },
            "bin": {
                "pagecrypt": "src/cli.ts"
            },
            "devDependencies": {
                "@types/fs-extra": "^9.0.13",
                "@types/node": "^16.18.11",
                "esbuild": "^0.16.11",
                "fs-extra": "^11.1.0",
                "typescript": "^4.9.4",
                "vite": "^4.0.3",
                "vite-plugin-singlefile": "^0.13.2"
            },
            "engines": {
                "node": ">= 16.0.0"
            }
        },
        "node_modules/@esbuild/android-arm": {
            "version": "0.16.11",
            "resolved": "https://registry.npmjs.org/@esbuild/android-arm/-/android-arm-0.16.11.tgz",
            "integrity": "sha512-j2xsG1OETgCe+OBA54DG5vLuGjmMZtQvyxt+rTw2aYK/RqjcG/F+UDdj43uoUOv8lSRC3lM4XpKLOVZfY/82yA==",
            "cpu": [
                "arm"
            ],
            "dev": true,
            "optional": true,
            "os": [
                "android"
            ],
            "engines": {
                "node": ">=12"
            }
        },
        "node_modules/@esbuild/android-arm64": {
            "version": "0.16.11",
            "resolved": "https://registry.npmjs.org/@esbuild/android-arm64/-/android-arm64-0.16.11.tgz",
            "integrity": "sha512-CPwhZd15PasQSlkFuZv1st37xvuBeklztfb9y2GZWLQu59zcMIDkZVSEz/TTIxzt811+eJfblg5HhP49iVVDWQ==",
            "cpu": [
                "arm64"
            ],
            "dev": true,
            "optional": true,
            "os": [
                "android"
            ],
            "engines": {
                "node": ">=12"
            }
        },
        "node_modules/@esbuild/android-x64": {
            "version": "0.16.11",
            "resolved": "https://registry.npmjs.org/@esbuild/android-x64/-/android-x64-0.16.11.tgz",
            "integrity": "sha512-vbFn+0JXX6FkKq+0sNeA6aF2QhuOt9ZkBl+DSyqKIF+Ms58lUOhbqSwberKWQDm0udgOp3d/LhOFTYmpvmlZmA==",
            "cpu": [
                "x64"
            ],
            "dev": true,
            "optional": true,
            "os": [
                "android"
            ],
            "engines": {
                "node": ">=12"
            }
        },
        "node_modules/@esbuild/darwin-arm64": {
            "version": "0.16.11",
            "resolved": "https://registry.npmjs.org/@esbuild/darwin-arm64/-/darwin-arm64-0.16.11.tgz",
            "integrity": "sha512-1tqsIG6AySZ9njT8V2ddH1F/J01zX+0obPCpP0uD9TMIUlAA5WUF/+abFlnIsNY4jACcbN/13NUbLRWE9bayjw==",
            "cpu": [
                "arm64"
            ],
            "dev": true,
            "optional": true,
            "os": [
                "darwin"
            ],
            "engines": {
                "node": ">=12"
            }
        },
        "node_modules/@esbuild/darwin-x64": {
            "version": "0.16.11",
            "resolved": "https://registry.npmjs.org/@esbuild/darwin-x64/-/darwin-x64-0.16.11.tgz",
            "integrity": "sha512-Gqx2/nYqnK46dwEDPGv3SwLqgLIZQJ7m2xNoNRzO50VZPvoCWSUqDaoirrZZf7uVfl+fxHoZBcdQJx2gOdxffQ==",
            "cpu": [
                "x64"
            ],
            "dev": true,
            "optional": true,
            "os": [
                "darwin"
            ],
            "engines": {
                "node": ">=12"
            }
        },
        "node_modules/@esbuild/freebsd-arm64": {
            "version": "0.16.11",
            "resolved": "https://registry.npmjs.org/@esbuild/freebsd-arm64/-/freebsd-arm64-0.16.11.tgz",
            "integrity": "sha512-58FTdlgIQ3ZxFtGphjbIBmo7kfDhQih/PlfAnKraAcCDZOYXWcRFmHJtW+EVg32IIxuEAqhLAzCgrqpm5o8Wlw==",
            "cpu": [
                "arm64"
            ],
            "dev": true,
            "optional": true,
            "os": [
                "freebsd"
            ],
            "engines": {
                "node": ">=12"
            }
        },
        "node_modules/@esbuild/freebsd-x64": {
            "version": "0.16.11",
            "resolved": "https://registry.npmjs.org/@esbuild/freebsd-x64/-/freebsd-x64-0.16.11.tgz",
            "integrity": "sha512-L7hr6VnpqZzYEDVQeaViz1QnmfFRCRm3zVtljbYi/CU6InKs6tda1J3pAvqVsbNpbGMA9AvyiyBrgjJAFCawVg==",
            "cpu": [
                "x64"
            ],
            "dev": true,
            "optional": true,
            "os": [
                "freebsd"
            ],
            "engines": {
                "node": ">=12"
            }
        },
        "node_modules/@esbuild/linux-arm": {
            "version": "0.16.11",
            "resolved": "https://registry.npmjs.org/@esbuild/linux-arm/-/linux-arm-0.16.11.tgz",
            "integrity": "sha512-Mk6TZij71alyS0FGuKEKYjTZGjUw2uXi07V/AiGZW1b5grTfGx6lpsbQdystgDJqju99Osq2Ix+C7WteSnwrHg==",
            "cpu": [
                "arm"
            ],
            "dev": true,
            "optional": true,
            "os": [
                "linux"
            ],
            "engines": {
                "node": ">=12"
            }
        },
        "node_modules/@esbuild/linux-arm64": {
            "version": "0.16.11",
            "resolved": "https://registry.npmjs.org/@esbuild/linux-arm64/-/linux-arm64-0.16.11.tgz",
            "integrity": "sha512-OKU0ajh9Xu7Pd1MlSq8Xqj5SJEV+4yVnALydPTDrrmTyvU72P8mTRJgZMilHw7H+Jqc0utryjNOwlJ/+fOkwGw==",
            "cpu": [
                "arm64"
            ],
            "dev": true,
            "optional": true,
            "os": [
                "linux"
            ],
            "engines": {
                "node": ">=12"
            }
        },
        "node_modules/@esbuild/linux-ia32": {
            "version": "0.16.11",
            "resolved": "https://registry.npmjs.org/@esbuild/linux-ia32/-/linux-ia32-0.16.11.tgz",
            "integrity": "sha512-pr1/tdDfgQQ9hp2IskSKMuwkx2X4jR7iHLbqEmmj/lPLKeoa6AUulnglGY4y0OPo+0eAYd6DzWp7ve3KI4lOCA==",
            "cpu": [
                "ia32"
            ],
            "dev": true,
            "optional": true,
            "os": [
                "linux"
            ],
            "engines": {
                "node": ">=12"
            }
        },
        "node_modules/@esbuild/linux-loong64": {
            "version": "0.16.11",
            "resolved": "https://registry.npmjs.org/@esbuild/linux-loong64/-/linux-loong64-0.16.11.tgz",
            "integrity": "sha512-2MCYdDBh9R+R1xuBFiApgkbp/tW1uV+aVeefKYqWSEk3o6MHzWo1FxEGA4dSnC+kThSBOMVpCV9z4/DPouA3bQ==",
            "cpu": [
                "loong64"
            ],
            "dev": true,
            "optional": true,
            "os": [
                "linux"
            ],
            "engines": {
                "node": ">=12"
            }
        },
        "node_modules/@esbuild/linux-mips64el": {
            "version": "0.16.11",
            "resolved": "https://registry.npmjs.org/@esbuild/linux-mips64el/-/linux-mips64el-0.16.11.tgz",
            "integrity": "sha512-IyotdnRg0J8F9FKttYe3cy/M9ZJ5W/Gm6whH08sbXMxRVKs/TyyoqFIA8oT1MzR+si6GLlRpcF7JbUnOXssjPA==",
            "cpu": [
                "mips64el"
            ],
            "dev": true,
            "optional": true,
            "os": [
                "linux"
            ],
            "engines": {
                "node": ">=12"
            }
        },
        "node_modules/@esbuild/linux-ppc64": {
            "version": "0.16.11",
            "resolved": "https://registry.npmjs.org/@esbuild/linux-ppc64/-/linux-ppc64-0.16.11.tgz",
            "integrity": "sha512-NUMtxvb0j41UL8yf8VnTMNbCQxKqIPmF0Wf/N44UrxpKE8iCNmWT95Wt98Ivr2ebHdz+V3kptlgBuZNYcJLI6g==",
            "cpu": [
                "ppc64"
            ],
            "dev": true,
            "optional": true,
            "os": [
                "linux"
            ],
            "engines": {
                "node": ">=12"
            }
        },
        "node_modules/@esbuild/linux-riscv64": {
            "version": "0.16.11",
            "resolved": "https://registry.npmjs.org/@esbuild/linux-riscv64/-/linux-riscv64-0.16.11.tgz",
            "integrity": "sha512-03/B26az/JezvVkgck+lhauP13t6RqzCQgnrkBCBrXXpX+2r02DfSU43BEhpErJrsrDA8GXSE/rvsfbGCX6OvA==",
            "cpu": [
                "riscv64"
            ],
            "dev": true,
            "optional": true,
            "os": [
                "linux"
            ],
            "engines": {
                "node": ">=12"
            }
        },
        "node_modules/@esbuild/linux-s390x": {
            "version": "0.16.11",
            "resolved": "https://registry.npmjs.org/@esbuild/linux-s390x/-/linux-s390x-0.16.11.tgz",
            "integrity": "sha512-Xs2tRB0fgly4XfC4FMv1Fd699AMEH8BClp36mzqRuVzm/285XIJaK5cPEZ9cLLn9ukNHdvvSX/83u5uS1BCd8g==",
            "cpu": [
                "s390x"
            ],
            "dev": true,
            "optional": true,
            "os": [
                "linux"
            ],
            "engines": {
                "node": ">=12"
            }
        },
        "node_modules/@esbuild/linux-x64": {
            "version": "0.16.11",
            "resolved": "https://registry.npmjs.org/@esbuild/linux-x64/-/linux-x64-0.16.11.tgz",
            "integrity": "sha512-CiNialxsjJllrG3ggzOKzSaqQK/De/Mv4g/3r7jxLt01GLerPh0Q3TVTndFG9VfOrR1PdN7Fz5AOV3bE6Isd1Q==",
            "cpu": [
                "x64"
            ],
            "dev": true,
            "optional": true,
            "os": [
                "linux"
            ],
            "engines": {
                "node": ">=12"
            }
        },
        "node_modules/@esbuild/netbsd-x64": {
            "version": "0.16.11",
            "resolved": "https://registry.npmjs.org/@esbuild/netbsd-x64/-/netbsd-x64-0.16.11.tgz",
            "integrity": "sha512-PiljZi6QZ3Pz0pL8rfJqPln8F/a3mEJwh2vhBb1kDYLniLufo9/7AInb/ZyhvgR7FxUQluUYyz64owPomgaLJA==",
            "cpu": [
                "x64"
            ],
            "dev": true,
            "optional": true,
            "os": [
                "netbsd"
            ],
            "engines": {
                "node": ">=12"
            }
        },
        "node_modules/@esbuild/openbsd-x64": {
            "version": "0.16.11",
            "resolved": "https://registry.npmjs.org/@esbuild/openbsd-x64/-/openbsd-x64-0.16.11.tgz",
            "integrity": "sha512-Nyk8aJM+w6NoS4RGQJ0ybb516jEIbEVlLvhRIdpCssUuqKU0lr9lJPHnFY2QqyoVaJkd6VxaHOBU/v/ieuiENQ==",
            "cpu": [
                "x64"
            ],
            "dev": true,
            "optional": true,
            "os": [
                "openbsd"
            ],
            "engines": {
                "node": ">=12"
            }
        },
        "node_modules/@esbuild/sunos-x64": {
            "version": "0.16.11",
            "resolved": "https://registry.npmjs.org/@esbuild/sunos-x64/-/sunos-x64-0.16.11.tgz",
            "integrity": "sha512-shxBLdNJecr7KxuyZQ19idBU8x7Mq7m+N5Fj8ROWMWQbDdjSjlBPxz7EZJIxSh7FUgSMKl7qSCCVaczXrta4MQ==",
            "cpu": [
                "x64"
            ],
            "dev": true,
            "optional": true,
            "os": [
                "sunos"
            ],
            "engines": {
                "node": ">=12"
            }
        },
        "node_modules/@esbuild/win32-arm64": {
            "version": "0.16.11",
            "resolved": "https://registry.npmjs.org/@esbuild/win32-arm64/-/win32-arm64-0.16.11.tgz",
            "integrity": "sha512-vyTbfoEBn7cGXK8writbsB+G2wyRoOA+EbTNQ9cu5lyLU65sfWetCaL8T7mX338AN8tTbCYl6ce5YRKTonpA3w==",
            "cpu": [
                "arm64"
            ],
            "dev": true,
            "optional": true,
            "os": [
                "win32"
            ],
            "engines": {
                "node": ">=12"
            }
        },
        "node_modules/@esbuild/win32-ia32": {
            "version": "0.16.11",
            "resolved": "https://registry.npmjs.org/@esbuild/win32-ia32/-/win32-ia32-0.16.11.tgz",
            "integrity": "sha512-ATGCGc52LNqakUE9i54RzFC4lm70UTcTW721AFGjQotc6uCg7sf7QeRd05wD5tLBFafHdMSZv4rsU/Nh7LT/rQ==",
            "cpu": [
                "ia32"
            ],
            "dev": true,
            "optional": true,
            "os": [
                "win32"
            ],
            "engines": {
                "node": ">=12"
            }
        },
        "node_modules/@esbuild/win32-x64": {
            "version": "0.16.11",
            "resolved": "https://registry.npmjs.org/@esbuild/win32-x64/-/win32-x64-0.16.11.tgz",
            "integrity": "sha512-7NcClJIctrO3iRu5CCqwdSBePm8bL2Iu1DYsuOnxuYJ+a1Kv3Wn3MzNdJIrUPLi1yADVwRliRUU/jtMC/tJnJA==",
            "cpu": [
                "x64"
            ],
            "dev": true,
            "optional": true,
            "os": [
                "win32"
            ],
            "engines": {
                "node": ">=12"
            }
        },
        "node_modules/@types/fs-extra": {
            "version": "9.0.13",
            "resolved": "https://registry.npmjs.org/@types/fs-extra/-/fs-extra-9.0.13.tgz",
            "integrity": "sha512-nEnwB++1u5lVDM2UI4c1+5R+FYaKfaAzS4OococimjVm3nQw3TuzH5UNsocrcTBbhnerblyHj4A49qXbIiZdpA==",
            "dev": true,
            "dependencies": {
                "@types/node": "*"
            }
        },
        "node_modules/@types/node": {
            "version": "16.18.11",
            "resolved": "https://registry.npmjs.org/@types/node/-/node-16.18.11.tgz",
            "integrity": "sha512-3oJbGBUWuS6ahSnEq1eN2XrCyf4YsWI8OyCvo7c64zQJNplk3mO84t53o8lfTk+2ji59g5ycfc6qQ3fdHliHuA==",
            "dev": true
        },
        "node_modules/braces": {
            "version": "3.0.2",
            "resolved": "https://registry.npmjs.org/braces/-/braces-3.0.2.tgz",
            "integrity": "sha512-b8um+L1RzM3WDSzvhm6gIz1yfTbBt6YTlcEKAvsmqCZZFw46z626lVj9j1yEPW33H5H+lBQpZMP1k8l+78Ha0A==",
            "dev": true,
            "dependencies": {
                "fill-range": "^7.0.1"
            },
            "engines": {
                "node": ">=8"
            }
        },
        "node_modules/esbuild": {
            "version": "0.16.11",
            "resolved": "https://registry.npmjs.org/esbuild/-/esbuild-0.16.11.tgz",
            "integrity": "sha512-Al0hhRUz/cCDvDp9VZp1L500HZZQ/HLjgTnQTmnW97+PoLmw+PuvB3e19JHYZtWnrxoh3qYrN/0tiRIbrE2oVQ==",
            "dev": true,
            "hasInstallScript": true,
            "bin": {
                "esbuild": "bin/esbuild"
            },
            "engines": {
                "node": ">=12"
            },
            "optionalDependencies": {
                "@esbuild/android-arm": "0.16.11",
                "@esbuild/android-arm64": "0.16.11",
                "@esbuild/android-x64": "0.16.11",
                "@esbuild/darwin-arm64": "0.16.11",
                "@esbuild/darwin-x64": "0.16.11",
                "@esbuild/freebsd-arm64": "0.16.11",
                "@esbuild/freebsd-x64": "0.16.11",
                "@esbuild/linux-arm": "0.16.11",
                "@esbuild/linux-arm64": "0.16.11",
                "@esbuild/linux-ia32": "0.16.11",
                "@esbuild/linux-loong64": "0.16.11",
                "@esbuild/linux-mips64el": "0.16.11",
                "@esbuild/linux-ppc64": "0.16.11",
                "@esbuild/linux-riscv64": "0.16.11",
                "@esbuild/linux-s390x": "0.16.11",
                "@esbuild/linux-x64": "0.16.11",
                "@esbuild/netbsd-x64": "0.16.11",
                "@esbuild/openbsd-x64": "0.16.11",
                "@esbuild/sunos-x64": "0.16.11",
                "@esbuild/win32-arm64": "0.16.11",
                "@esbuild/win32-ia32": "0.16.11",
                "@esbuild/win32-x64": "0.16.11"
            }
        },
        "node_modules/fill-range": {
            "version": "7.0.1",
            "resolved": "https://registry.npmjs.org/fill-range/-/fill-range-7.0.1.tgz",
            "integrity": "sha512-qOo9F+dMUmC2Lcb4BbVvnKJxTPjCm+RRpe4gDuGrzkL7mEVl/djYSu2OdQ2Pa302N4oqkSg9ir6jaLWJ2USVpQ==",
            "dev": true,
            "dependencies": {
                "to-regex-range": "^5.0.1"
            },
            "engines": {
                "node": ">=8"
            }
        },
        "node_modules/fs-extra": {
            "version": "11.1.0",
            "resolved": "https://registry.npmjs.org/fs-extra/-/fs-extra-11.1.0.tgz",
            "integrity": "sha512-0rcTq621PD5jM/e0a3EJoGC/1TC5ZBCERW82LQuwfGnCa1V8w7dpYH1yNu+SLb6E5dkeCBzKEyLGlFrnr+dUyw==",
            "dev": true,
            "dependencies": {
                "graceful-fs": "^4.2.0",
                "jsonfile": "^6.0.1",
                "universalify": "^2.0.0"
            },
            "engines": {
                "node": ">=14.14"
            }
        },
        "node_modules/fsevents": {
            "version": "2.3.2",
            "resolved": "https://registry.npmjs.org/fsevents/-/fsevents-2.3.2.tgz",
            "integrity": "sha512-xiqMQR4xAeHTuB9uWm+fFRcIOgKBMiOBP+eXiyT7jsgVCq1bkVygt00oASowB7EdtpOHaaPgKt812P9ab+DDKA==",
            "dev": true,
            "optional": true,
            "os": [
                "darwin"
            ],
            "engines": {
                "node": "^8.16.0 || ^10.6.0 || >=11.0.0"
            }
        },
        "node_modules/function-bind": {
            "version": "1.1.1",
            "resolved": "https://registry.npmjs.org/function-bind/-/function-bind-1.1.1.tgz",
            "integrity": "sha512-yIovAzMX49sF8Yl58fSCWJ5svSLuaibPxXQJFLmBObTuCr0Mf1KiPopGM9NiFjiYBCbfaa2Fh6breQ6ANVTI0A==",
            "dev": true
        },
        "node_modules/graceful-fs": {
            "version": "4.2.6",
            "resolved": "https://registry.npmjs.org/graceful-fs/-/graceful-fs-4.2.6.tgz",
            "integrity": "sha512-nTnJ528pbqxYanhpDYsi4Rd8MAeaBA67+RZ10CM1m3bTAVFEDcd5AuA4a6W5YkGZ1iNXHzZz8T6TBKLeBuNriQ==",
            "dev": true
        },
        "node_modules/has": {
            "version": "1.0.3",
            "resolved": "https://registry.npmjs.org/has/-/has-1.0.3.tgz",
            "integrity": "sha512-f2dvO0VU6Oej7RkWJGrehjbzMAjFp5/VKPp5tTpWIV4JHHZK1/BxbFRtf/siA2SWTe09caDmVtYYzWEIbBS4zw==",
            "dev": true,
            "dependencies": {
                "function-bind": "^1.1.1"
            },
            "engines": {
                "node": ">= 0.4.0"
            }
        },
        "node_modules/is-core-module": {
            "version": "2.11.0",
            "resolved": "https://registry.npmjs.org/is-core-module/-/is-core-module-2.11.0.tgz",
            "integrity": "sha512-RRjxlvLDkD1YJwDbroBHMb+cukurkDWNyHx7D3oNB5x9rb5ogcksMC5wHCadcXoo67gVr/+3GFySh3134zi6rw==",
            "dev": true,
            "dependencies": {
                "has": "^1.0.3"
            },
            "funding": {
                "url": "https://github.com/sponsors/ljharb"
            }
        },
        "node_modules/is-number": {
            "version": "7.0.0",
            "resolved": "https://registry.npmjs.org/is-number/-/is-number-7.0.0.tgz",
            "integrity": "sha512-41Cifkg6e8TylSpdtTpeLVMqvSBEVzTttHvERD741+pnZ8ANv0004MRL43QKPDlK9cGvNp6NZWZUBlbGXYxxng==",
            "dev": true,
            "engines": {
                "node": ">=0.12.0"
            }
        },
        "node_modules/jsonfile": {
            "version": "6.1.0",
            "resolved": "https://registry.npmjs.org/jsonfile/-/jsonfile-6.1.0.tgz",
            "integrity": "sha512-5dgndWOriYSm5cnYaJNhalLNDKOqFwyDB/rr1E9ZsGciGvKPs8R2xYGCacuf3z6K1YKDz182fd+fY3cn3pMqXQ==",
            "dev": true,
            "dependencies": {
                "universalify": "^2.0.0"
            },
            "optionalDependencies": {
                "graceful-fs": "^4.1.6"
            }
        },
        "node_modules/micromatch": {
            "version": "4.0.5",
            "resolved": "https://registry.npmjs.org/micromatch/-/micromatch-4.0.5.tgz",
            "integrity": "sha512-DMy+ERcEW2q8Z2Po+WNXuw3c5YaUSFjAO5GsJqfEl7UjvtIuFKO6ZrKvcItdy98dwFI2N1tg3zNIdKaQT+aNdA==",
            "dev": true,
            "dependencies": {
                "braces": "^3.0.2",
                "picomatch": "^2.3.1"
            },
            "engines": {
                "node": ">=8.6"
            }
        },
        "node_modules/mri": {
            "version": "1.1.6",
            "resolved": "https://registry.npmjs.org/mri/-/mri-1.1.6.tgz",
            "integrity": "sha512-oi1b3MfbyGa7FJMP9GmLTttni5JoICpYBRlq+x5V16fZbLsnL9N3wFqqIm/nIG43FjUFkFh9Epzp/kzUGUnJxQ==",
            "engines": {
                "node": ">=4"
            }
        },
        "node_modules/nanoid": {
            "version": "3.3.4",
            "resolved": "https://registry.npmjs.org/nanoid/-/nanoid-3.3.4.tgz",
            "integrity": "sha512-MqBkQh/OHTS2egovRtLk45wEyNXwF+cokD+1YPf9u5VfJiRdAiRwB2froX5Co9Rh20xs4siNPm8naNotSD6RBw==",
            "dev": true,
            "bin": {
                "nanoid": "bin/nanoid.cjs"
            },
            "engines": {
                "node": "^10 || ^12 || ^13.7 || ^14 || >=15.0.1"
            }
        },
        "node_modules/path-parse": {
            "version": "1.0.7",
            "resolved": "https://registry.npmjs.org/path-parse/-/path-parse-1.0.7.tgz",
            "integrity": "sha512-LDJzPVEEEPR+y48z93A0Ed0yXb8pAByGWo/k5YYdYgpY2/2EsOsksJrq7lOHxryrVOn1ejG6oAp8ahvOIQD8sw==",
            "dev": true
        },
        "node_modules/picocolors": {
            "version": "1.0.0",
            "resolved": "https://registry.npmjs.org/picocolors/-/picocolors-1.0.0.tgz",
            "integrity": "sha512-1fygroTLlHu66zi26VoTDv8yRgm0Fccecssto+MhsZ0D/DGW2sm8E8AjW7NU5VVTRt5GxbeZ5qBuJr+HyLYkjQ==",
            "dev": true
        },
        "node_modules/picomatch": {
            "version": "2.3.1",
            "resolved": "https://registry.npmjs.org/picomatch/-/picomatch-2.3.1.tgz",
            "integrity": "sha512-JU3teHTNjmE2VCGFzuY8EXzCDVwEqB2a8fsIvwaStHhAWJEeVd1o1QD80CU6+ZdEXXSLbSsuLwJjkCBWqRQUVA==",
            "dev": true,
            "engines": {
                "node": ">=8.6"
            },
            "funding": {
                "url": "https://github.com/sponsors/jonschlinkert"
            }
        },
        "node_modules/postcss": {
            "version": "8.4.20",
            "resolved": "https://registry.npmjs.org/postcss/-/postcss-8.4.20.tgz",
            "integrity": "sha512-6Q04AXR1212bXr5fh03u8aAwbLxAQNGQ/Q1LNa0VfOI06ZAlhPHtQvE4OIdpj4kLThXilalPnmDSOD65DcHt+g==",
            "dev": true,
            "funding": [
                {
                    "type": "opencollective",
                    "url": "https://opencollective.com/postcss/"
                },
                {
                    "type": "tidelift",
                    "url": "https://tidelift.com/funding/github/npm/postcss"
                }
            ],
            "dependencies": {
                "nanoid": "^3.3.4",
                "picocolors": "^1.0.0",
                "source-map-js": "^1.0.2"
            },
            "engines": {
                "node": "^10 || ^12 || >=14"
            }
        },
        "node_modules/resolve": {
            "version": "1.22.1",
            "resolved": "https://registry.npmjs.org/resolve/-/resolve-1.22.1.tgz",
            "integrity": "sha512-nBpuuYuY5jFsli/JIs1oldw6fOQCBioohqWZg/2hiaOybXOft4lonv85uDOKXdf8rhyK159cxU5cDcK/NKk8zw==",
            "dev": true,
            "dependencies": {
                "is-core-module": "^2.9.0",
                "path-parse": "^1.0.7",
                "supports-preserve-symlinks-flag": "^1.0.0"
            },
            "bin": {
                "resolve": "bin/resolve"
            },
            "funding": {
                "url": "https://github.com/sponsors/ljharb"
            }
        },
        "node_modules/rfc4648": {
            "version": "1.5.2",
            "resolved": "https://registry.npmjs.org/rfc4648/-/rfc4648-1.5.2.tgz",
            "integrity": "sha512-tLOizhR6YGovrEBLatX1sdcuhoSCXddw3mqNVAcKxGJ+J0hFeJ+SjeWCv5UPA/WU3YzWPPuCVYgXBKZUPGpKtg=="
        },
        "node_modules/rollup": {
            "version": "3.8.1",
            "resolved": "https://registry.npmjs.org/rollup/-/rollup-3.8.1.tgz",
            "integrity": "sha512-4yh9eMW7byOroYcN8DlF9P/2jCpu6txVIHjEqquQVSx7DI0RgyCCN3tjrcy4ra6yVtV336aLBB3v2AarYAxePQ==",
            "dev": true,
            "bin": {
                "rollup": "dist/bin/rollup"
            },
            "engines": {
                "node": ">=14.18.0",
                "npm": ">=8.0.0"
            },
            "optionalDependencies": {
                "fsevents": "~2.3.2"
            }
        },
        "node_modules/sade": {
            "version": "1.8.1",
            "resolved": "https://registry.npmjs.org/sade/-/sade-1.8.1.tgz",
            "integrity": "sha512-xal3CZX1Xlo/k4ApwCFrHVACi9fBqJ7V+mwhBsuf/1IOKbBy098Fex+Wa/5QMubw09pSZ/u8EY8PWgevJsXp1A==",
            "dependencies": {
                "mri": "^1.1.0"
            },
            "engines": {
                "node": ">=6"
            }
        },
        "node_modules/source-map-js": {
            "version": "1.0.2",
            "resolved": "https://registry.npmjs.org/source-map-js/-/source-map-js-1.0.2.tgz",
            "integrity": "sha512-R0XvVJ9WusLiqTCEiGCmICCMplcCkIwwR11mOSD9CR5u+IXYdiseeEuXCVAjS54zqwkLcPNnmU4OeJ6tUrWhDw==",
            "dev": true,
            "engines": {
                "node": ">=0.10.0"
            }
        },
        "node_modules/supports-preserve-symlinks-flag": {
            "version": "1.0.0",
            "resolved": "https://registry.npmjs.org/supports-preserve-symlinks-flag/-/supports-preserve-symlinks-flag-1.0.0.tgz",
            "integrity": "sha512-ot0WnXS9fgdkgIcePe6RHNk1WA8+muPa6cSjeR3V8K27q9BB1rTE3R1p7Hv0z1ZyAc8s6Vvv8DIyWf681MAt0w==",
            "dev": true,
            "engines": {
                "node": ">= 0.4"
            },
            "funding": {
                "url": "https://github.com/sponsors/ljharb"
            }
        },
        "node_modules/to-regex-range": {
            "version": "5.0.1",
            "resolved": "https://registry.npmjs.org/to-regex-range/-/to-regex-range-5.0.1.tgz",
            "integrity": "sha512-65P7iz6X5yEr1cwcgvQxbbIw7Uk3gOy5dIdtZ4rDveLqhrdJP+Li/Hx6tyK0NEb+2GCyneCMJiGqrADCSNk8sQ==",
            "dev": true,
            "dependencies": {
                "is-number": "^7.0.0"
            },
            "engines": {
                "node": ">=8.0"
            }
        },
        "node_modules/typescript": {
            "version": "4.9.4",
            "resolved": "https://registry.npmjs.org/typescript/-/typescript-4.9.4.tgz",
            "integrity": "sha512-Uz+dTXYzxXXbsFpM86Wh3dKCxrQqUcVMxwU54orwlJjOpO3ao8L7j5lH+dWfTwgCwIuM9GQ2kvVotzYJMXTBZg==",
            "dev": true,
            "bin": {
                "tsc": "bin/tsc",
                "tsserver": "bin/tsserver"
            },
            "engines": {
                "node": ">=4.2.0"
            }
        },
        "node_modules/universalify": {
            "version": "2.0.0",
            "resolved": "https://registry.npmjs.org/universalify/-/universalify-2.0.0.tgz",
            "integrity": "sha512-hAZsKq7Yy11Zu1DE0OzWjw7nnLZmJZYTDZZyEFHZdUhV8FkH5MCfoU1XMaxXovpyW5nq5scPqq0ZDP9Zyl04oQ==",
            "dev": true,
            "engines": {
                "node": ">= 10.0.0"
            }
        },
        "node_modules/vite": {
            "version": "4.0.3",
            "resolved": "https://registry.npmjs.org/vite/-/vite-4.0.3.tgz",
            "integrity": "sha512-HvuNv1RdE7deIfQb8mPk51UKjqptO/4RXZ5yXSAvurd5xOckwS/gg8h9Tky3uSbnjYTgUm0hVCet1cyhKd73ZA==",
            "dev": true,
            "dependencies": {
                "esbuild": "^0.16.3",
                "postcss": "^8.4.20",
                "resolve": "^1.22.1",
                "rollup": "^3.7.0"
            },
            "bin": {
                "vite": "bin/vite.js"
            },
            "engines": {
                "node": "^14.18.0 || >=16.0.0"
            },
            "optionalDependencies": {
                "fsevents": "~2.3.2"
            },
            "peerDependencies": {
                "@types/node": ">= 14",
                "less": "*",
                "sass": "*",
                "stylus": "*",
                "sugarss": "*",
                "terser": "^5.4.0"
            },
            "peerDependenciesMeta": {
                "@types/node": {
                    "optional": true
                },
                "less": {
                    "optional": true
                },
                "sass": {
                    "optional": true
                },
                "stylus": {
                    "optional": true
                },
                "sugarss": {
                    "optional": true
                },
                "terser": {
                    "optional": true
                }
            }
        },
        "node_modules/vite-plugin-singlefile": {
            "version": "0.13.2",
            "resolved": "https://registry.npmjs.org/vite-plugin-singlefile/-/vite-plugin-singlefile-0.13.2.tgz",
            "integrity": "sha512-HAvrU9mxasNMn/YF0Hb9NjsWDstCWe4iLQ6IR5ppOiNMvXjcyqU3C9SDQ32xnonx3Y04JUGjD2bGiT6q0S9T8w==",
            "dev": true,
            "dependencies": {
                "micromatch": "^4.0.5"
            },
            "engines": {
                "node": "^14.18.0 || >=16.0.0"
            },
            "peerDependencies": {
                "rollup": ">=2.79.0",
                "vite": ">=3.2.0"
            }
        }
    },
    "dependencies": {
        "@esbuild/android-arm": {
            "version": "0.16.11",
            "resolved": "https://registry.npmjs.org/@esbuild/android-arm/-/android-arm-0.16.11.tgz",
            "integrity": "sha512-j2xsG1OETgCe+OBA54DG5vLuGjmMZtQvyxt+rTw2aYK/RqjcG/F+UDdj43uoUOv8lSRC3lM4XpKLOVZfY/82yA==",
            "dev": true,
            "optional": true
        },
        "@esbuild/android-arm64": {
            "version": "0.16.11",
            "resolved": "https://registry.npmjs.org/@esbuild/android-arm64/-/android-arm64-0.16.11.tgz",
            "integrity": "sha512-CPwhZd15PasQSlkFuZv1st37xvuBeklztfb9y2GZWLQu59zcMIDkZVSEz/TTIxzt811+eJfblg5HhP49iVVDWQ==",
            "dev": true,
            "optional": true
        },
        "@esbuild/android-x64": {
            "version": "0.16.11",
            "resolved": "https://registry.npmjs.org/@esbuild/android-x64/-/android-x64-0.16.11.tgz",
            "integrity": "sha512-vbFn+0JXX6FkKq+0sNeA6aF2QhuOt9ZkBl+DSyqKIF+Ms58lUOhbqSwberKWQDm0udgOp3d/LhOFTYmpvmlZmA==",
            "dev": true,
            "optional": true
        },
        "@esbuild/darwin-arm64": {
            "version": "0.16.11",
            "resolved": "https://registry.npmjs.org/@esbuild/darwin-arm64/-/darwin-arm64-0.16.11.tgz",
            "integrity": "sha512-1tqsIG6AySZ9njT8V2ddH1F/J01zX+0obPCpP0uD9TMIUlAA5WUF/+abFlnIsNY4jACcbN/13NUbLRWE9bayjw==",
            "dev": true,
            "optional": true
        },
        "@esbuild/darwin-x64": {
            "version": "0.16.11",
            "resolved": "https://registry.npmjs.org/@esbuild/darwin-x64/-/darwin-x64-0.16.11.tgz",
            "integrity": "sha512-Gqx2/nYqnK46dwEDPGv3SwLqgLIZQJ7m2xNoNRzO50VZPvoCWSUqDaoirrZZf7uVfl+fxHoZBcdQJx2gOdxffQ==",
            "dev": true,
            "optional": true
        },
        "@esbuild/freebsd-arm64": {
            "version": "0.16.11",
            "resolved": "https://registry.npmjs.org/@esbuild/freebsd-arm64/-/freebsd-arm64-0.16.11.tgz",
            "integrity": "sha512-58FTdlgIQ3ZxFtGphjbIBmo7kfDhQih/PlfAnKraAcCDZOYXWcRFmHJtW+EVg32IIxuEAqhLAzCgrqpm5o8Wlw==",
            "dev": true,
            "optional": true
        },
        "@esbuild/freebsd-x64": {
            "version": "0.16.11",
            "resolved": "https://registry.npmjs.org/@esbuild/freebsd-x64/-/freebsd-x64-0.16.11.tgz",
            "integrity": "sha512-L7hr6VnpqZzYEDVQeaViz1QnmfFRCRm3zVtljbYi/CU6InKs6tda1J3pAvqVsbNpbGMA9AvyiyBrgjJAFCawVg==",
            "dev": true,
            "optional": true
        },
        "@esbuild/linux-arm": {
            "version": "0.16.11",
            "resolved": "https://registry.npmjs.org/@esbuild/linux-arm/-/linux-arm-0.16.11.tgz",
            "integrity": "sha512-Mk6TZij71alyS0FGuKEKYjTZGjUw2uXi07V/AiGZW1b5grTfGx6lpsbQdystgDJqju99Osq2Ix+C7WteSnwrHg==",
            "dev": true,
            "optional": true
        },
        "@esbuild/linux-arm64": {
            "version": "0.16.11",
            "resolved": "https://registry.npmjs.org/@esbuild/linux-arm64/-/linux-arm64-0.16.11.tgz",
            "integrity": "sha512-OKU0ajh9Xu7Pd1MlSq8Xqj5SJEV+4yVnALydPTDrrmTyvU72P8mTRJgZMilHw7H+Jqc0utryjNOwlJ/+fOkwGw==",
            "dev": true,
            "optional": true
        },
        "@esbuild/linux-ia32": {
            "version": "0.16.11",
            "resolved": "https://registry.npmjs.org/@esbuild/linux-ia32/-/linux-ia32-0.16.11.tgz",
            "integrity": "sha512-pr1/tdDfgQQ9hp2IskSKMuwkx2X4jR7iHLbqEmmj/lPLKeoa6AUulnglGY4y0OPo+0eAYd6DzWp7ve3KI4lOCA==",
            "dev": true,
            "optional": true
        },
        "@esbuild/linux-loong64": {
            "version": "0.16.11",
            "resolved": "https://registry.npmjs.org/@esbuild/linux-loong64/-/linux-loong64-0.16.11.tgz",
            "integrity": "sha512-2MCYdDBh9R+R1xuBFiApgkbp/tW1uV+aVeefKYqWSEk3o6MHzWo1FxEGA4dSnC+kThSBOMVpCV9z4/DPouA3bQ==",
            "dev": true,
            "optional": true
        },
        "@esbuild/linux-mips64el": {
            "version": "0.16.11",
            "resolved": "https://registry.npmjs.org/@esbuild/linux-mips64el/-/linux-mips64el-0.16.11.tgz",
            "integrity": "sha512-IyotdnRg0J8F9FKttYe3cy/M9ZJ5W/Gm6whH08sbXMxRVKs/TyyoqFIA8oT1MzR+si6GLlRpcF7JbUnOXssjPA==",
            "dev": true,
            "optional": true
        },
        "@esbuild/linux-ppc64": {
            "version": "0.16.11",
            "resolved": "https://registry.npmjs.org/@esbuild/linux-ppc64/-/linux-ppc64-0.16.11.tgz",
            "integrity": "sha512-NUMtxvb0j41UL8yf8VnTMNbCQxKqIPmF0Wf/N44UrxpKE8iCNmWT95Wt98Ivr2ebHdz+V3kptlgBuZNYcJLI6g==",
            "dev": true,
            "optional": true
        },
        "@esbuild/linux-riscv64": {
            "version": "0.16.11",
            "resolved": "https://registry.npmjs.org/@esbuild/linux-riscv64/-/linux-riscv64-0.16.11.tgz",
            "integrity": "sha512-03/B26az/JezvVkgck+lhauP13t6RqzCQgnrkBCBrXXpX+2r02DfSU43BEhpErJrsrDA8GXSE/rvsfbGCX6OvA==",
            "dev": true,
            "optional": true
        },
        "@esbuild/linux-s390x": {
            "version": "0.16.11",
            "resolved": "https://registry.npmjs.org/@esbuild/linux-s390x/-/linux-s390x-0.16.11.tgz",
            "integrity": "sha512-Xs2tRB0fgly4XfC4FMv1Fd699AMEH8BClp36mzqRuVzm/285XIJaK5cPEZ9cLLn9ukNHdvvSX/83u5uS1BCd8g==",
            "dev": true,
            "optional": true
        },
        "@esbuild/linux-x64": {
            "version": "0.16.11",
            "resolved": "https://registry.npmjs.org/@esbuild/linux-x64/-/linux-x64-0.16.11.tgz",
            "integrity": "sha512-CiNialxsjJllrG3ggzOKzSaqQK/De/Mv4g/3r7jxLt01GLerPh0Q3TVTndFG9VfOrR1PdN7Fz5AOV3bE6Isd1Q==",
            "dev": true,
            "optional": true
        },
        "@esbuild/netbsd-x64": {
            "version": "0.16.11",
            "resolved": "https://registry.npmjs.org/@esbuild/netbsd-x64/-/netbsd-x64-0.16.11.tgz",
            "integrity": "sha512-PiljZi6QZ3Pz0pL8rfJqPln8F/a3mEJwh2vhBb1kDYLniLufo9/7AInb/ZyhvgR7FxUQluUYyz64owPomgaLJA==",
            "dev": true,
            "optional": true
        },
        "@esbuild/openbsd-x64": {
            "version": "0.16.11",
            "resolved": "https://registry.npmjs.org/@esbuild/openbsd-x64/-/openbsd-x64-0.16.11.tgz",
            "integrity": "sha512-Nyk8aJM+w6NoS4RGQJ0ybb516jEIbEVlLvhRIdpCssUuqKU0lr9lJPHnFY2QqyoVaJkd6VxaHOBU/v/ieuiENQ==",
            "dev": true,
            "optional": true
        },
        "@esbuild/sunos-x64": {
            "version": "0.16.11",
            "resolved": "https://registry.npmjs.org/@esbuild/sunos-x64/-/sunos-x64-0.16.11.tgz",
            "integrity": "sha512-shxBLdNJecr7KxuyZQ19idBU8x7Mq7m+N5Fj8ROWMWQbDdjSjlBPxz7EZJIxSh7FUgSMKl7qSCCVaczXrta4MQ==",
            "dev": true,
            "optional": true
        },
        "@esbuild/win32-arm64": {
            "version": "0.16.11",
            "resolved": "https://registry.npmjs.org/@esbuild/win32-arm64/-/win32-arm64-0.16.11.tgz",
            "integrity": "sha512-vyTbfoEBn7cGXK8writbsB+G2wyRoOA+EbTNQ9cu5lyLU65sfWetCaL8T7mX338AN8tTbCYl6ce5YRKTonpA3w==",
            "dev": true,
            "optional": true
        },
        "@esbuild/win32-ia32": {
            "version": "0.16.11",
            "resolved": "https://registry.npmjs.org/@esbuild/win32-ia32/-/win32-ia32-0.16.11.tgz",
            "integrity": "sha512-ATGCGc52LNqakUE9i54RzFC4lm70UTcTW721AFGjQotc6uCg7sf7QeRd05wD5tLBFafHdMSZv4rsU/Nh7LT/rQ==",
            "dev": true,
            "optional": true
        },
        "@esbuild/win32-x64": {
            "version": "0.16.11",
            "resolved": "https://registry.npmjs.org/@esbuild/win32-x64/-/win32-x64-0.16.11.tgz",
            "integrity": "sha512-7NcClJIctrO3iRu5CCqwdSBePm8bL2Iu1DYsuOnxuYJ+a1Kv3Wn3MzNdJIrUPLi1yADVwRliRUU/jtMC/tJnJA==",
            "dev": true,
            "optional": true
        },
        "@types/fs-extra": {
            "version": "9.0.13",
            "resolved": "https://registry.npmjs.org/@types/fs-extra/-/fs-extra-9.0.13.tgz",
            "integrity": "sha512-nEnwB++1u5lVDM2UI4c1+5R+FYaKfaAzS4OococimjVm3nQw3TuzH5UNsocrcTBbhnerblyHj4A49qXbIiZdpA==",
            "dev": true,
            "requires": {
                "@types/node": "*"
            }
        },
        "@types/node": {
            "version": "16.18.11",
            "resolved": "https://registry.npmjs.org/@types/node/-/node-16.18.11.tgz",
            "integrity": "sha512-3oJbGBUWuS6ahSnEq1eN2XrCyf4YsWI8OyCvo7c64zQJNplk3mO84t53o8lfTk+2ji59g5ycfc6qQ3fdHliHuA==",
            "dev": true
        },
        "braces": {
            "version": "3.0.2",
            "resolved": "https://registry.npmjs.org/braces/-/braces-3.0.2.tgz",
            "integrity": "sha512-b8um+L1RzM3WDSzvhm6gIz1yfTbBt6YTlcEKAvsmqCZZFw46z626lVj9j1yEPW33H5H+lBQpZMP1k8l+78Ha0A==",
            "dev": true,
            "requires": {
                "fill-range": "^7.0.1"
            }
        },
        "esbuild": {
            "version": "0.16.11",
            "resolved": "https://registry.npmjs.org/esbuild/-/esbuild-0.16.11.tgz",
            "integrity": "sha512-Al0hhRUz/cCDvDp9VZp1L500HZZQ/HLjgTnQTmnW97+PoLmw+PuvB3e19JHYZtWnrxoh3qYrN/0tiRIbrE2oVQ==",
            "dev": true,
            "requires": {
                "@esbuild/android-arm": "0.16.11",
                "@esbuild/android-arm64": "0.16.11",
                "@esbuild/android-x64": "0.16.11",
                "@esbuild/darwin-arm64": "0.16.11",
                "@esbuild/darwin-x64": "0.16.11",
                "@esbuild/freebsd-arm64": "0.16.11",
                "@esbuild/freebsd-x64": "0.16.11",
                "@esbuild/linux-arm": "0.16.11",
                "@esbuild/linux-arm64": "0.16.11",
                "@esbuild/linux-ia32": "0.16.11",
                "@esbuild/linux-loong64": "0.16.11",
                "@esbuild/linux-mips64el": "0.16.11",
                "@esbuild/linux-ppc64": "0.16.11",
                "@esbuild/linux-riscv64": "0.16.11",
                "@esbuild/linux-s390x": "0.16.11",
                "@esbuild/linux-x64": "0.16.11",
                "@esbuild/netbsd-x64": "0.16.11",
                "@esbuild/openbsd-x64": "0.16.11",
                "@esbuild/sunos-x64": "0.16.11",
                "@esbuild/win32-arm64": "0.16.11",
                "@esbuild/win32-ia32": "0.16.11",
                "@esbuild/win32-x64": "0.16.11"
            }
        },
        "fill-range": {
            "version": "7.0.1",
            "resolved": "https://registry.npmjs.org/fill-range/-/fill-range-7.0.1.tgz",
            "integrity": "sha512-qOo9F+dMUmC2Lcb4BbVvnKJxTPjCm+RRpe4gDuGrzkL7mEVl/djYSu2OdQ2Pa302N4oqkSg9ir6jaLWJ2USVpQ==",
            "dev": true,
            "requires": {
                "to-regex-range": "^5.0.1"
            }
        },
        "fs-extra": {
            "version": "11.1.0",
            "resolved": "https://registry.npmjs.org/fs-extra/-/fs-extra-11.1.0.tgz",
            "integrity": "sha512-0rcTq621PD5jM/e0a3EJoGC/1TC5ZBCERW82LQuwfGnCa1V8w7dpYH1yNu+SLb6E5dkeCBzKEyLGlFrnr+dUyw==",
            "dev": true,
            "requires": {
                "graceful-fs": "^4.2.0",
                "jsonfile": "^6.0.1",
                "universalify": "^2.0.0"
            }
        },
        "fsevents": {
            "version": "2.3.2",
            "resolved": "https://registry.npmjs.org/fsevents/-/fsevents-2.3.2.tgz",
            "integrity": "sha512-xiqMQR4xAeHTuB9uWm+fFRcIOgKBMiOBP+eXiyT7jsgVCq1bkVygt00oASowB7EdtpOHaaPgKt812P9ab+DDKA==",
            "dev": true,
            "optional": true
        },
        "function-bind": {
            "version": "1.1.1",
            "resolved": "https://registry.npmjs.org/function-bind/-/function-bind-1.1.1.tgz",
            "integrity": "sha512-yIovAzMX49sF8Yl58fSCWJ5svSLuaibPxXQJFLmBObTuCr0Mf1KiPopGM9NiFjiYBCbfaa2Fh6breQ6ANVTI0A==",
            "dev": true
        },
        "graceful-fs": {
            "version": "4.2.6",
            "resolved": "https://registry.npmjs.org/graceful-fs/-/graceful-fs-4.2.6.tgz",
            "integrity": "sha512-nTnJ528pbqxYanhpDYsi4Rd8MAeaBA67+RZ10CM1m3bTAVFEDcd5AuA4a6W5YkGZ1iNXHzZz8T6TBKLeBuNriQ==",
            "dev": true
        },
        "has": {
            "version": "1.0.3",
            "resolved": "https://registry.npmjs.org/has/-/has-1.0.3.tgz",
            "integrity": "sha512-f2dvO0VU6Oej7RkWJGrehjbzMAjFp5/VKPp5tTpWIV4JHHZK1/BxbFRtf/siA2SWTe09caDmVtYYzWEIbBS4zw==",
            "dev": true,
            "requires": {
                "function-bind": "^1.1.1"
            }
        },
        "is-core-module": {
            "version": "2.11.0",
            "resolved": "https://registry.npmjs.org/is-core-module/-/is-core-module-2.11.0.tgz",
            "integrity": "sha512-RRjxlvLDkD1YJwDbroBHMb+cukurkDWNyHx7D3oNB5x9rb5ogcksMC5wHCadcXoo67gVr/+3GFySh3134zi6rw==",
            "dev": true,
            "requires": {
                "has": "^1.0.3"
            }
        },
        "is-number": {
            "version": "7.0.0",
            "resolved": "https://registry.npmjs.org/is-number/-/is-number-7.0.0.tgz",
            "integrity": "sha512-41Cifkg6e8TylSpdtTpeLVMqvSBEVzTttHvERD741+pnZ8ANv0004MRL43QKPDlK9cGvNp6NZWZUBlbGXYxxng==",
            "dev": true
        },
        "jsonfile": {
            "version": "6.1.0",
            "resolved": "https://registry.npmjs.org/jsonfile/-/jsonfile-6.1.0.tgz",
            "integrity": "sha512-5dgndWOriYSm5cnYaJNhalLNDKOqFwyDB/rr1E9ZsGciGvKPs8R2xYGCacuf3z6K1YKDz182fd+fY3cn3pMqXQ==",
            "dev": true,
            "requires": {
                "graceful-fs": "^4.1.6",
                "universalify": "^2.0.0"
            }
        },
        "micromatch": {
            "version": "4.0.5",
            "resolved": "https://registry.npmjs.org/micromatch/-/micromatch-4.0.5.tgz",
            "integrity": "sha512-DMy+ERcEW2q8Z2Po+WNXuw3c5YaUSFjAO5GsJqfEl7UjvtIuFKO6ZrKvcItdy98dwFI2N1tg3zNIdKaQT+aNdA==",
            "dev": true,
            "requires": {
                "braces": "^3.0.2",
                "picomatch": "^2.3.1"
            }
        },
        "mri": {
            "version": "1.1.6",
            "resolved": "https://registry.npmjs.org/mri/-/mri-1.1.6.tgz",
            "integrity": "sha512-oi1b3MfbyGa7FJMP9GmLTttni5JoICpYBRlq+x5V16fZbLsnL9N3wFqqIm/nIG43FjUFkFh9Epzp/kzUGUnJxQ=="
        },
        "nanoid": {
            "version": "3.3.4",
            "resolved": "https://registry.npmjs.org/nanoid/-/nanoid-3.3.4.tgz",
            "integrity": "sha512-MqBkQh/OHTS2egovRtLk45wEyNXwF+cokD+1YPf9u5VfJiRdAiRwB2froX5Co9Rh20xs4siNPm8naNotSD6RBw==",
            "dev": true
        },
        "path-parse": {
            "version": "1.0.7",
            "resolved": "https://registry.npmjs.org/path-parse/-/path-parse-1.0.7.tgz",
            "integrity": "sha512-LDJzPVEEEPR+y48z93A0Ed0yXb8pAByGWo/k5YYdYgpY2/2EsOsksJrq7lOHxryrVOn1ejG6oAp8ahvOIQD8sw==",
            "dev": true
        },
        "picocolors": {
            "version": "1.0.0",
            "resolved": "https://registry.npmjs.org/picocolors/-/picocolors-1.0.0.tgz",
            "integrity": "sha512-1fygroTLlHu66zi26VoTDv8yRgm0Fccecssto+MhsZ0D/DGW2sm8E8AjW7NU5VVTRt5GxbeZ5qBuJr+HyLYkjQ==",
            "dev": true
        },
        "picomatch": {
            "version": "2.3.1",
            "resolved": "https://registry.npmjs.org/picomatch/-/picomatch-2.3.1.tgz",
            "integrity": "sha512-JU3teHTNjmE2VCGFzuY8EXzCDVwEqB2a8fsIvwaStHhAWJEeVd1o1QD80CU6+ZdEXXSLbSsuLwJjkCBWqRQUVA==",
            "dev": true
        },
        "postcss": {
            "version": "8.4.20",
            "resolved": "https://registry.npmjs.org/postcss/-/postcss-8.4.20.tgz",
            "integrity": "sha512-6Q04AXR1212bXr5fh03u8aAwbLxAQNGQ/Q1LNa0VfOI06ZAlhPHtQvE4OIdpj4kLThXilalPnmDSOD65DcHt+g==",
            "dev": true,
            "requires": {
                "nanoid": "^3.3.4",
                "picocolors": "^1.0.0",
                "source-map-js": "^1.0.2"
            }
        },
        "resolve": {
            "version": "1.22.1",
            "resolved": "https://registry.npmjs.org/resolve/-/resolve-1.22.1.tgz",
            "integrity": "sha512-nBpuuYuY5jFsli/JIs1oldw6fOQCBioohqWZg/2hiaOybXOft4lonv85uDOKXdf8rhyK159cxU5cDcK/NKk8zw==",
            "dev": true,
            "requires": {
                "is-core-module": "^2.9.0",
                "path-parse": "^1.0.7",
                "supports-preserve-symlinks-flag": "^1.0.0"
            }
        },
        "rfc4648": {
            "version": "1.5.2",
            "resolved": "https://registry.npmjs.org/rfc4648/-/rfc4648-1.5.2.tgz",
            "integrity": "sha512-tLOizhR6YGovrEBLatX1sdcuhoSCXddw3mqNVAcKxGJ+J0hFeJ+SjeWCv5UPA/WU3YzWPPuCVYgXBKZUPGpKtg=="
        },
        "rollup": {
            "version": "3.8.1",
            "resolved": "https://registry.npmjs.org/rollup/-/rollup-3.8.1.tgz",
            "integrity": "sha512-4yh9eMW7byOroYcN8DlF9P/2jCpu6txVIHjEqquQVSx7DI0RgyCCN3tjrcy4ra6yVtV336aLBB3v2AarYAxePQ==",
            "dev": true,
            "requires": {
                "fsevents": "~2.3.2"
            }
        },
        "sade": {
            "version": "1.8.1",
            "resolved": "https://registry.npmjs.org/sade/-/sade-1.8.1.tgz",
            "integrity": "sha512-xal3CZX1Xlo/k4ApwCFrHVACi9fBqJ7V+mwhBsuf/1IOKbBy098Fex+Wa/5QMubw09pSZ/u8EY8PWgevJsXp1A==",
            "requires": {
                "mri": "^1.1.0"
            }
        },
        "source-map-js": {
            "version": "1.0.2",
            "resolved": "https://registry.npmjs.org/source-map-js/-/source-map-js-1.0.2.tgz",
            "integrity": "sha512-R0XvVJ9WusLiqTCEiGCmICCMplcCkIwwR11mOSD9CR5u+IXYdiseeEuXCVAjS54zqwkLcPNnmU4OeJ6tUrWhDw==",
            "dev": true
        },
        "supports-preserve-symlinks-flag": {
            "version": "1.0.0",
            "resolved": "https://registry.npmjs.org/supports-preserve-symlinks-flag/-/supports-preserve-symlinks-flag-1.0.0.tgz",
            "integrity": "sha512-ot0WnXS9fgdkgIcePe6RHNk1WA8+muPa6cSjeR3V8K27q9BB1rTE3R1p7Hv0z1ZyAc8s6Vvv8DIyWf681MAt0w==",
            "dev": true
        },
        "to-regex-range": {
            "version": "5.0.1",
            "resolved": "https://registry.npmjs.org/to-regex-range/-/to-regex-range-5.0.1.tgz",
            "integrity": "sha512-65P7iz6X5yEr1cwcgvQxbbIw7Uk3gOy5dIdtZ4rDveLqhrdJP+Li/Hx6tyK0NEb+2GCyneCMJiGqrADCSNk8sQ==",
            "dev": true,
            "requires": {
                "is-number": "^7.0.0"
            }
        },
        "typescript": {
            "version": "4.9.4",
            "resolved": "https://registry.npmjs.org/typescript/-/typescript-4.9.4.tgz",
            "integrity": "sha512-Uz+dTXYzxXXbsFpM86Wh3dKCxrQqUcVMxwU54orwlJjOpO3ao8L7j5lH+dWfTwgCwIuM9GQ2kvVotzYJMXTBZg==",
            "dev": true
        },
        "universalify": {
            "version": "2.0.0",
            "resolved": "https://registry.npmjs.org/universalify/-/universalify-2.0.0.tgz",
            "integrity": "sha512-hAZsKq7Yy11Zu1DE0OzWjw7nnLZmJZYTDZZyEFHZdUhV8FkH5MCfoU1XMaxXovpyW5nq5scPqq0ZDP9Zyl04oQ==",
            "dev": true
        },
        "vite": {
            "version": "4.0.3",
            "resolved": "https://registry.npmjs.org/vite/-/vite-4.0.3.tgz",
            "integrity": "sha512-HvuNv1RdE7deIfQb8mPk51UKjqptO/4RXZ5yXSAvurd5xOckwS/gg8h9Tky3uSbnjYTgUm0hVCet1cyhKd73ZA==",
            "dev": true,
            "requires": {
                "esbuild": "^0.16.3",
                "fsevents": "~2.3.2",
                "postcss": "^8.4.20",
                "resolve": "^1.22.1",
                "rollup": "^3.7.0"
            }
        },
        "vite-plugin-singlefile": {
            "version": "0.13.2",
            "resolved": "https://registry.npmjs.org/vite-plugin-singlefile/-/vite-plugin-singlefile-0.13.2.tgz",
            "integrity": "sha512-HAvrU9mxasNMn/YF0Hb9NjsWDstCWe4iLQ6IR5ppOiNMvXjcyqU3C9SDQ32xnonx3Y04JUGjD2bGiT6q0S9T8w==",
            "dev": true,
            "requires": {
                "micromatch": "^4.0.5"
            }
        }
    }
}
